
Microsoft Visual Studio Solution File, Format Version 12.00
# Visual Studio Version 17
VisualStudioVersion = 17.1.32421.90
MinimumVisualStudioVersion = 10.0.40219.1
Project("{2150E333-8FDC-42A3-9474-1A3956D46DE8}") = "Common", "Common", "{7F78CC10-9988-410B-92AF-EF5710B74EED}"
EndProject
Project("{2150E333-8FDC-42A3-9474-1A3956D46DE8}") = "Services", "Services", "{C5401EA4-FF08-4682-AA70-D119357AE238}"
EndProject
Project("{9A19103F-16F7-4668-BE54-9A1E7A4F7556}") = "ProjectX.Core", "Common\ProjectX.Core\ProjectX.Core.csproj", "{5AFAE758-C8C0-49F4-A9E6-29A70336A5C0}"
EndProject
Project("{2150E333-8FDC-42A3-9474-1A3956D46DE8}") = "Dashboard", "Dashboard", "{9C2A0C56-3C90-4EF3-AC04-D0C234B011D9}"
EndProject
Project("{9A19103F-16F7-4668-BE54-9A1E7A4F7556}") = "ProjectX.Dashboard.API", "Services\ProjectX.Dashboard\ProjectX.Dashboard.API\ProjectX.Dashboard.API.csproj", "{38E89EF0-F403-47E2-824A-ED0D696614E8}"
EndProject
Project("{9A19103F-16F7-4668-BE54-9A1E7A4F7556}") = "ProjectX.Dashboard.Domain", "Services\ProjectX.Dashboard\ProjectX.Dashboard.Domain\ProjectX.Dashboard.Domain.csproj", "{0DA9CBED-F492-4B37-82F7-EC9927C8E4C5}"
EndProject
Project("{9A19103F-16F7-4668-BE54-9A1E7A4F7556}") = "ProjectX.Dashboard.Persistence", "Services\ProjectX.Dashboard\ProjectX.Dashboard.Persistence\ProjectX.Dashboard.Persistence.csproj", "{AC6F767F-C152-4ED5-AB42-796AEFF9EA43}"
EndProject
Project("{9A19103F-16F7-4668-BE54-9A1E7A4F7556}") = "ProjectX.Dashboard.Application", "Services\ProjectX.Dashboard\ProjectX.Dashboard.Application\ProjectX.Dashboard.Application.csproj", "{8196CF6A-56FB-4D9E-BB60-5A204DD9EF96}"
EndProject
Project("{9A19103F-16F7-4668-BE54-9A1E7A4F7556}") = "ProjectX.Persistence", "Common\ProjectX.Persistence\ProjectX.Persistence.csproj", "{482CC61A-C211-467D-8AD1-56B9B217F003}"
EndProject
Project("{2150E333-8FDC-42A3-9474-1A3956D46DE8}") = "Identity", "Identity", "{C261DB7A-DA41-41D6-8B44-65BCB43395B2}"
EndProject
Project("{9A19103F-16F7-4668-BE54-9A1E7A4F7556}") = "ProjectX.Identity.API", "Services\ProjectX.Identity\ProjectX.Identity.API\ProjectX.Identity.API.csproj", "{74897A71-F918-4850-8043-629AA874D8AE}"
EndProject
Project("{9A19103F-16F7-4668-BE54-9A1E7A4F7556}") = "ProjectX.AspNetCore", "Common\ProjectX.AspNetCore\ProjectX.AspNetCore.csproj", "{3E960644-2100-4AF5-83BC-89C70E4E4771}"
EndProject
Project("{9A19103F-16F7-4668-BE54-9A1E7A4F7556}") = "ProjectX.Authentication", "Common\ProjectX.Authentication\ProjectX.Authentication.csproj", "{B8D5AF86-897A-4D95-A3B6-6011550C4DFB}"
EndProject
Project("{2150E333-8FDC-42A3-9474-1A3956D46DE8}") = "Tests", "Tests", "{EF3073E7-AEB9-4E48-B15E-844F75823824}"
EndProject
Project("{9A19103F-16F7-4668-BE54-9A1E7A4F7556}") = "ProjectX.Dashboard.IntegrationTests", "Services\ProjectX.Dashboard\Tests\ProjectX.Dashboard.IntegrationTests\ProjectX.Dashboard.IntegrationTests.csproj", "{57AE038B-8E5F-4083-8A2A-06EB273E9F02}"
EndProject
Project("{9A19103F-16F7-4668-BE54-9A1E7A4F7556}") = "ProjectX.Dashboard.UnitTests", "Services\ProjectX.Dashboard\Tests\ProjectX.Dashboard.UnitTests\ProjectX.Dashboard.UnitTests.csproj", "{09FEF551-E530-4D81-A5FF-7E0F807769CE}"
EndProject
Project("{9A19103F-16F7-4668-BE54-9A1E7A4F7556}") = "ProjectX.Dashboard.Tests.Common", "Services\ProjectX.Dashboard\Tests\ProjectX.Dashboard.Tests.Common\ProjectX.Dashboard.Tests.Common.csproj", "{FB245472-66F4-41F4-9230-EB53CA9B026A}"
EndProject
Project("{2150E333-8FDC-42A3-9474-1A3956D46DE8}") = "Solution Items", "Solution Items", "{35C2978F-0478-4122-8D64-DC6C190AB448}"
	ProjectSection(SolutionItems) = preProject
		.dockerignore = .dockerignore
		..\doc\database.md = ..\doc\database.md
		..\doc\docker.md = ..\doc\docker.md
		..\doc\helm.md = ..\doc\helm.md
		..\doc\idntity.md = ..\doc\idntity.md
		docker-compose\infrastructure.yml = docker-compose\infrastructure.yml
		README.md = README.md
		docker-compose\services.yml = docker-compose\services.yml
		..\doc\wsl.md = ..\doc\wsl.md
	EndProjectSection
EndProject
Project("{9A19103F-16F7-4668-BE54-9A1E7A4F7556}") = "ProjectX.BackgroundWork", "Common\ProjectX.BackgroundWork\ProjectX.BackgroundWork.csproj", "{FE41FB68-AAB7-489C-84BD-684BD9DD96D0}"
EndProject
Project("{2150E333-8FDC-42A3-9474-1A3956D46DE8}") = "Realtime", "Realtime", "{6184CE06-22FF-44F8-9CBE-79C1B7DC46E0}"
EndProject
Project("{9A19103F-16F7-4668-BE54-9A1E7A4F7556}") = "ProjectX.Realtime.API", "Services\ProjectX.Realtime\ProjectX.Realtime.API\ProjectX.Realtime.API.csproj", "{F175189C-7BAE-4BDA-9C0B-902EB791E5FF}"
EndProject
Project("{9A19103F-16F7-4668-BE54-9A1E7A4F7556}") = "ProjectX.Realtime", "Common\ProjectX.Realtime\ProjectX.Realtime.csproj", "{8DDDB2CB-3206-4CCB-972C-5BD0FD983EA9}"
EndProject
Project("{9A19103F-16F7-4668-BE54-9A1E7A4F7556}") = "ProjectX.RabbitMq", "Common\ProjectX.RabbitMq\ProjectX.RabbitMq.csproj", "{9722B2DB-88FB-4CB1-9F8F-7515150B7693}"
EndProject
Project("{2150E333-8FDC-42A3-9474-1A3956D46DE8}") = "Tests", "Tests", "{1656BBC0-1472-44F4-B3AB-1DFA6F41C3B4}"
EndProject
Project("{9A19103F-16F7-4668-BE54-9A1E7A4F7556}") = "ProjectX.Core.Tests", "Common\Tests\ProjectX.Core.Tests\ProjectX.Core.Tests.csproj", "{0A4FF52F-C36E-46AF-89C9-89D92FEECFC2}"
EndProject
Project("{2150E333-8FDC-42A3-9474-1A3956D46DE8}") = "FileStorage", "FileStorage", "{38E51C6A-0099-46B8-B558-4762D6A2F4A4}"
EndProject
Project("{9A19103F-16F7-4668-BE54-9A1E7A4F7556}") = "ProjectX.FileStorage.API", "Services\ProjectX.FileStorage\ProjectX.FileStorage.API\ProjectX.FileStorage.API.csproj", "{3D58D041-C438-45FC-8F68-2CC2690A6398}"
EndProject
Project("{9A19103F-16F7-4668-BE54-9A1E7A4F7556}") = "ProjectX.FileStorage.Application", "Services\ProjectX.FileStorage\ProjectX.FileStorage.Application\ProjectX.FileStorage.Application.csproj", "{55138D6C-D2C0-4656-99BB-7F07A285689E}"
EndProject
Project("{9A19103F-16F7-4668-BE54-9A1E7A4F7556}") = "ProjectX.FileStorage.Database", "Services\ProjectX.FileStorage\ProjectX.FileStorage.Database\ProjectX.FileStorage.Database.csproj", "{84E6B9CD-0E3A-4EC2-A88C-902E40DD833A}"
EndProject
Project("{9A19103F-16F7-4668-BE54-9A1E7A4F7556}") = "ProjectX.FileStorage.Files", "Services\ProjectX.FileStorage\ProjectX.FileStorage.Files\ProjectX.FileStorage.Files.csproj", "{FCB27907-DBCA-44A2-A8EC-195C030DECE6}"
EndProject
Project("{9A19103F-16F7-4668-BE54-9A1E7A4F7556}") = "ProjectX.Identity.Persistence", "Services\ProjectX.Identity\ProjectX.Identity.Persistence\ProjectX.Identity.Persistence.csproj", "{22E0DCBA-C1AE-47A3-B5B9-6549C0A4ABA7}"
EndProject
Project("{9A19103F-16F7-4668-BE54-9A1E7A4F7556}") = "ProjectX.Identity.Domain", "Services\ProjectX.Identity\ProjectX.Identity.Domain\ProjectX.Identity.Domain.csproj", "{DEFFA12C-127A-4165-A376-DB4691DCB8E3}"
EndProject
Project("{9A19103F-16F7-4668-BE54-9A1E7A4F7556}") = "ProjectX.Identity.Application", "Services\ProjectX.Identity\ProjectX.Identity.Application\ProjectX.Identity.Application.csproj", "{23AA698E-5BE6-4971-95D1-1029657463F5}"
EndProject
Project("{2150E333-8FDC-42A3-9474-1A3956D46DE8}") = "Messenger", "Messenger", "{309D5A3D-F605-45F3-BE50-8B088D97DD54}"
EndProject
Project("{9A19103F-16F7-4668-BE54-9A1E7A4F7556}") = "ProjectX.Messenger.Domain", "Services\ProjectX.Messenger\ProjectX.Messenger.Domain\ProjectX.Messenger.Domain.csproj", "{9783931D-009C-49AB-96B1-C987BE87B2C4}"
EndProject
Project("{9A19103F-16F7-4668-BE54-9A1E7A4F7556}") = "ProjectX.Messenger.Persistence", "Services\ProjectX.Messenger\ProjectX.Messenger.Persistence\ProjectX.Messenger.Persistence.csproj", "{80DF1F1F-D5E3-4D27-BCE9-923065894CC7}"
EndProject
Project("{9A19103F-16F7-4668-BE54-9A1E7A4F7556}") = "ProjectX.Messenger.API", "Services\ProjectX.Messenger\ProjectX.Messenger.API\ProjectX.Messenger.API.csproj", "{0EFDBCAF-214F-4D95-83A1-F78568380A2E}"
EndProject
Project("{9A19103F-16F7-4668-BE54-9A1E7A4F7556}") = "ProjectX.Messenger.Application", "Services\ProjectX.Messenger\ProjectX.Messenger.Application\ProjectX.Messenger.Application.csproj", "{1F6F4EF4-625B-4F86-893F-BCAB3E648E96}"
EndProject
Project("{2150E333-8FDC-42A3-9474-1A3956D46DE8}") = "docker-compose", "docker-compose", "{B7516A2B-964D-433B-AABE-2DFB6ACEB892}"
	ProjectSection(SolutionItems) = preProject
		docker-compose\infrastructure.yml = docker-compose\infrastructure.yml
		docker-compose\services.yml = docker-compose\services.yml
	EndProjectSection
EndProject
Project("{2150E333-8FDC-42A3-9474-1A3956D46DE8}") = "Search", "Search", "{E406D00C-E59E-489B-8ECB-492722A6E83C}"
EndProject
Project("{FAE04EC0-301F-11D3-BF4B-00C04F79EFBC}") = "ProjectX.Search.API", "Services\ProjectX.Search\ProjectX.Search.API\ProjectX.Search.API.csproj", "{071568DF-D932-4AE7-98EB-AE828692CBB8}"
EndProject
Global
	GlobalSection(SolutionConfigurationPlatforms) = preSolution
		Debug|Any CPU = Debug|Any CPU
		Release|Any CPU = Release|Any CPU
	EndGlobalSection
	GlobalSection(ProjectConfigurationPlatforms) = postSolution
		{5AFAE758-C8C0-49F4-A9E6-29A70336A5C0}.Debug|Any CPU.ActiveCfg = Debug|Any CPU
		{5AFAE758-C8C0-49F4-A9E6-29A70336A5C0}.Debug|Any CPU.Build.0 = Debug|Any CPU
		{5AFAE758-C8C0-49F4-A9E6-29A70336A5C0}.Release|Any CPU.ActiveCfg = Release|Any CPU
		{5AFAE758-C8C0-49F4-A9E6-29A70336A5C0}.Release|Any CPU.Build.0 = Release|Any CPU
		{38E89EF0-F403-47E2-824A-ED0D696614E8}.Debug|Any CPU.ActiveCfg = Debug|Any CPU
		{38E89EF0-F403-47E2-824A-ED0D696614E8}.Debug|Any CPU.Build.0 = Debug|Any CPU
		{38E89EF0-F403-47E2-824A-ED0D696614E8}.Release|Any CPU.ActiveCfg = Release|Any CPU
		{38E89EF0-F403-47E2-824A-ED0D696614E8}.Release|Any CPU.Build.0 = Release|Any CPU
		{0DA9CBED-F492-4B37-82F7-EC9927C8E4C5}.Debug|Any CPU.ActiveCfg = Debug|Any CPU
		{0DA9CBED-F492-4B37-82F7-EC9927C8E4C5}.Debug|Any CPU.Build.0 = Debug|Any CPU
		{0DA9CBED-F492-4B37-82F7-EC9927C8E4C5}.Release|Any CPU.ActiveCfg = Release|Any CPU
		{0DA9CBED-F492-4B37-82F7-EC9927C8E4C5}.Release|Any CPU.Build.0 = Release|Any CPU
		{AC6F767F-C152-4ED5-AB42-796AEFF9EA43}.Debug|Any CPU.ActiveCfg = Debug|Any CPU
		{AC6F767F-C152-4ED5-AB42-796AEFF9EA43}.Debug|Any CPU.Build.0 = Debug|Any CPU
		{AC6F767F-C152-4ED5-AB42-796AEFF9EA43}.Release|Any CPU.ActiveCfg = Release|Any CPU
		{AC6F767F-C152-4ED5-AB42-796AEFF9EA43}.Release|Any CPU.Build.0 = Release|Any CPU
		{8196CF6A-56FB-4D9E-BB60-5A204DD9EF96}.Debug|Any CPU.ActiveCfg = Debug|Any CPU
		{8196CF6A-56FB-4D9E-BB60-5A204DD9EF96}.Debug|Any CPU.Build.0 = Debug|Any CPU
		{8196CF6A-56FB-4D9E-BB60-5A204DD9EF96}.Release|Any CPU.ActiveCfg = Release|Any CPU
		{8196CF6A-56FB-4D9E-BB60-5A204DD9EF96}.Release|Any CPU.Build.0 = Release|Any CPU
		{482CC61A-C211-467D-8AD1-56B9B217F003}.Debug|Any CPU.ActiveCfg = Debug|Any CPU
		{482CC61A-C211-467D-8AD1-56B9B217F003}.Debug|Any CPU.Build.0 = Debug|Any CPU
		{482CC61A-C211-467D-8AD1-56B9B217F003}.Release|Any CPU.ActiveCfg = Release|Any CPU
		{482CC61A-C211-467D-8AD1-56B9B217F003}.Release|Any CPU.Build.0 = Release|Any CPU
		{74897A71-F918-4850-8043-629AA874D8AE}.Debug|Any CPU.ActiveCfg = Debug|Any CPU
		{74897A71-F918-4850-8043-629AA874D8AE}.Debug|Any CPU.Build.0 = Debug|Any CPU
		{74897A71-F918-4850-8043-629AA874D8AE}.Release|Any CPU.ActiveCfg = Release|Any CPU
		{74897A71-F918-4850-8043-629AA874D8AE}.Release|Any CPU.Build.0 = Release|Any CPU
		{3E960644-2100-4AF5-83BC-89C70E4E4771}.Debug|Any CPU.ActiveCfg = Debug|Any CPU
		{3E960644-2100-4AF5-83BC-89C70E4E4771}.Debug|Any CPU.Build.0 = Debug|Any CPU
		{3E960644-2100-4AF5-83BC-89C70E4E4771}.Release|Any CPU.ActiveCfg = Release|Any CPU
		{3E960644-2100-4AF5-83BC-89C70E4E4771}.Release|Any CPU.Build.0 = Release|Any CPU
		{B8D5AF86-897A-4D95-A3B6-6011550C4DFB}.Debug|Any CPU.ActiveCfg = Debug|Any CPU
		{B8D5AF86-897A-4D95-A3B6-6011550C4DFB}.Debug|Any CPU.Build.0 = Debug|Any CPU
		{B8D5AF86-897A-4D95-A3B6-6011550C4DFB}.Release|Any CPU.ActiveCfg = Release|Any CPU
		{B8D5AF86-897A-4D95-A3B6-6011550C4DFB}.Release|Any CPU.Build.0 = Release|Any CPU
		{57AE038B-8E5F-4083-8A2A-06EB273E9F02}.Debug|Any CPU.ActiveCfg = Debug|Any CPU
		{57AE038B-8E5F-4083-8A2A-06EB273E9F02}.Debug|Any CPU.Build.0 = Debug|Any CPU
		{57AE038B-8E5F-4083-8A2A-06EB273E9F02}.Release|Any CPU.ActiveCfg = Release|Any CPU
		{57AE038B-8E5F-4083-8A2A-06EB273E9F02}.Release|Any CPU.Build.0 = Release|Any CPU
		{09FEF551-E530-4D81-A5FF-7E0F807769CE}.Debug|Any CPU.ActiveCfg = Debug|Any CPU
		{09FEF551-E530-4D81-A5FF-7E0F807769CE}.Debug|Any CPU.Build.0 = Debug|Any CPU
		{09FEF551-E530-4D81-A5FF-7E0F807769CE}.Release|Any CPU.ActiveCfg = Release|Any CPU
		{09FEF551-E530-4D81-A5FF-7E0F807769CE}.Release|Any CPU.Build.0 = Release|Any CPU
		{FB245472-66F4-41F4-9230-EB53CA9B026A}.Debug|Any CPU.ActiveCfg = Debug|Any CPU
		{FB245472-66F4-41F4-9230-EB53CA9B026A}.Debug|Any CPU.Build.0 = Debug|Any CPU
		{FB245472-66F4-41F4-9230-EB53CA9B026A}.Release|Any CPU.ActiveCfg = Release|Any CPU
		{FB245472-66F4-41F4-9230-EB53CA9B026A}.Release|Any CPU.Build.0 = Release|Any CPU
		{FE41FB68-AAB7-489C-84BD-684BD9DD96D0}.Debug|Any CPU.ActiveCfg = Debug|Any CPU
		{FE41FB68-AAB7-489C-84BD-684BD9DD96D0}.Debug|Any CPU.Build.0 = Debug|Any CPU
		{FE41FB68-AAB7-489C-84BD-684BD9DD96D0}.Release|Any CPU.ActiveCfg = Release|Any CPU
		{FE41FB68-AAB7-489C-84BD-684BD9DD96D0}.Release|Any CPU.Build.0 = Release|Any CPU
		{F175189C-7BAE-4BDA-9C0B-902EB791E5FF}.Debug|Any CPU.ActiveCfg = Debug|Any CPU
		{F175189C-7BAE-4BDA-9C0B-902EB791E5FF}.Debug|Any CPU.Build.0 = Debug|Any CPU
		{F175189C-7BAE-4BDA-9C0B-902EB791E5FF}.Release|Any CPU.ActiveCfg = Release|Any CPU
		{F175189C-7BAE-4BDA-9C0B-902EB791E5FF}.Release|Any CPU.Build.0 = Release|Any CPU
		{8DDDB2CB-3206-4CCB-972C-5BD0FD983EA9}.Debug|Any CPU.ActiveCfg = Debug|Any CPU
		{8DDDB2CB-3206-4CCB-972C-5BD0FD983EA9}.Debug|Any CPU.Build.0 = Debug|Any CPU
		{8DDDB2CB-3206-4CCB-972C-5BD0FD983EA9}.Release|Any CPU.ActiveCfg = Release|Any CPU
		{8DDDB2CB-3206-4CCB-972C-5BD0FD983EA9}.Release|Any CPU.Build.0 = Release|Any CPU
		{9722B2DB-88FB-4CB1-9F8F-7515150B7693}.Debug|Any CPU.ActiveCfg = Debug|Any CPU
		{9722B2DB-88FB-4CB1-9F8F-7515150B7693}.Debug|Any CPU.Build.0 = Debug|Any CPU
		{9722B2DB-88FB-4CB1-9F8F-7515150B7693}.Release|Any CPU.ActiveCfg = Release|Any CPU
		{9722B2DB-88FB-4CB1-9F8F-7515150B7693}.Release|Any CPU.Build.0 = Release|Any CPU
		{0A4FF52F-C36E-46AF-89C9-89D92FEECFC2}.Debug|Any CPU.ActiveCfg = Debug|Any CPU
		{0A4FF52F-C36E-46AF-89C9-89D92FEECFC2}.Debug|Any CPU.Build.0 = Debug|Any CPU
		{0A4FF52F-C36E-46AF-89C9-89D92FEECFC2}.Release|Any CPU.ActiveCfg = Release|Any CPU
		{0A4FF52F-C36E-46AF-89C9-89D92FEECFC2}.Release|Any CPU.Build.0 = Release|Any CPU
		{3D58D041-C438-45FC-8F68-2CC2690A6398}.Debug|Any CPU.ActiveCfg = Debug|Any CPU
		{3D58D041-C438-45FC-8F68-2CC2690A6398}.Debug|Any CPU.Build.0 = Debug|Any CPU
		{3D58D041-C438-45FC-8F68-2CC2690A6398}.Release|Any CPU.ActiveCfg = Release|Any CPU
		{3D58D041-C438-45FC-8F68-2CC2690A6398}.Release|Any CPU.Build.0 = Release|Any CPU
		{55138D6C-D2C0-4656-99BB-7F07A285689E}.Debug|Any CPU.ActiveCfg = Debug|Any CPU
		{55138D6C-D2C0-4656-99BB-7F07A285689E}.Debug|Any CPU.Build.0 = Debug|Any CPU
		{55138D6C-D2C0-4656-99BB-7F07A285689E}.Release|Any CPU.ActiveCfg = Release|Any CPU
		{55138D6C-D2C0-4656-99BB-7F07A285689E}.Release|Any CPU.Build.0 = Release|Any CPU
		{84E6B9CD-0E3A-4EC2-A88C-902E40DD833A}.Debug|Any CPU.ActiveCfg = Debug|Any CPU
		{84E6B9CD-0E3A-4EC2-A88C-902E40DD833A}.Debug|Any CPU.Build.0 = Debug|Any CPU
		{84E6B9CD-0E3A-4EC2-A88C-902E40DD833A}.Release|Any CPU.ActiveCfg = Release|Any CPU
		{84E6B9CD-0E3A-4EC2-A88C-902E40DD833A}.Release|Any CPU.Build.0 = Release|Any CPU
		{FCB27907-DBCA-44A2-A8EC-195C030DECE6}.Debug|Any CPU.ActiveCfg = Debug|Any CPU
		{FCB27907-DBCA-44A2-A8EC-195C030DECE6}.Debug|Any CPU.Build.0 = Debug|Any CPU
		{FCB27907-DBCA-44A2-A8EC-195C030DECE6}.Release|Any CPU.ActiveCfg = Release|Any CPU
		{FCB27907-DBCA-44A2-A8EC-195C030DECE6}.Release|Any CPU.Build.0 = Release|Any CPU
		{22E0DCBA-C1AE-47A3-B5B9-6549C0A4ABA7}.Debug|Any CPU.ActiveCfg = Debug|Any CPU
		{22E0DCBA-C1AE-47A3-B5B9-6549C0A4ABA7}.Debug|Any CPU.Build.0 = Debug|Any CPU
		{22E0DCBA-C1AE-47A3-B5B9-6549C0A4ABA7}.Release|Any CPU.ActiveCfg = Release|Any CPU
		{22E0DCBA-C1AE-47A3-B5B9-6549C0A4ABA7}.Release|Any CPU.Build.0 = Release|Any CPU
		{DEFFA12C-127A-4165-A376-DB4691DCB8E3}.Debug|Any CPU.ActiveCfg = Debug|Any CPU
		{DEFFA12C-127A-4165-A376-DB4691DCB8E3}.Debug|Any CPU.Build.0 = Debug|Any CPU
		{DEFFA12C-127A-4165-A376-DB4691DCB8E3}.Release|Any CPU.ActiveCfg = Release|Any CPU
		{DEFFA12C-127A-4165-A376-DB4691DCB8E3}.Release|Any CPU.Build.0 = Release|Any CPU
		{23AA698E-5BE6-4971-95D1-1029657463F5}.Debug|Any CPU.ActiveCfg = Debug|Any CPU
		{23AA698E-5BE6-4971-95D1-1029657463F5}.Debug|Any CPU.Build.0 = Debug|Any CPU
		{23AA698E-5BE6-4971-95D1-1029657463F5}.Release|Any CPU.ActiveCfg = Release|Any CPU
		{23AA698E-5BE6-4971-95D1-1029657463F5}.Release|Any CPU.Build.0 = Release|Any CPU
		{9783931D-009C-49AB-96B1-C987BE87B2C4}.Debug|Any CPU.ActiveCfg = Debug|Any CPU
		{9783931D-009C-49AB-96B1-C987BE87B2C4}.Debug|Any CPU.Build.0 = Debug|Any CPU
		{9783931D-009C-49AB-96B1-C987BE87B2C4}.Release|Any CPU.ActiveCfg = Release|Any CPU
		{9783931D-009C-49AB-96B1-C987BE87B2C4}.Release|Any CPU.Build.0 = Release|Any CPU
		{80DF1F1F-D5E3-4D27-BCE9-923065894CC7}.Debug|Any CPU.ActiveCfg = Debug|Any CPU
		{80DF1F1F-D5E3-4D27-BCE9-923065894CC7}.Debug|Any CPU.Build.0 = Debug|Any CPU
		{80DF1F1F-D5E3-4D27-BCE9-923065894CC7}.Release|Any CPU.ActiveCfg = Release|Any CPU
		{80DF1F1F-D5E3-4D27-BCE9-923065894CC7}.Release|Any CPU.Build.0 = Release|Any CPU
		{0EFDBCAF-214F-4D95-83A1-F78568380A2E}.Debug|Any CPU.ActiveCfg = Debug|Any CPU
		{0EFDBCAF-214F-4D95-83A1-F78568380A2E}.Debug|Any CPU.Build.0 = Debug|Any CPU
		{0EFDBCAF-214F-4D95-83A1-F78568380A2E}.Release|Any CPU.ActiveCfg = Release|Any CPU
		{0EFDBCAF-214F-4D95-83A1-F78568380A2E}.Release|Any CPU.Build.0 = Release|Any CPU
		{1F6F4EF4-625B-4F86-893F-BCAB3E648E96}.Debug|Any CPU.ActiveCfg = Debug|Any CPU
		{1F6F4EF4-625B-4F86-893F-BCAB3E648E96}.Debug|Any CPU.Build.0 = Debug|Any CPU
		{1F6F4EF4-625B-4F86-893F-BCAB3E648E96}.Release|Any CPU.ActiveCfg = Release|Any CPU
		{1F6F4EF4-625B-4F86-893F-BCAB3E648E96}.Release|Any CPU.Build.0 = Release|Any CPU
		{071568DF-D932-4AE7-98EB-AE828692CBB8}.Debug|Any CPU.ActiveCfg = Debug|Any CPU
		{071568DF-D932-4AE7-98EB-AE828692CBB8}.Debug|Any CPU.Build.0 = Debug|Any CPU
		{071568DF-D932-4AE7-98EB-AE828692CBB8}.Release|Any CPU.ActiveCfg = Release|Any CPU
		{071568DF-D932-4AE7-98EB-AE828692CBB8}.Release|Any CPU.Build.0 = Release|Any CPU
	EndGlobalSection
	GlobalSection(SolutionProperties) = preSolution
		HideSolutionNode = FALSE
	EndGlobalSection
	GlobalSection(NestedProjects) = preSolution
		{5AFAE758-C8C0-49F4-A9E6-29A70336A5C0} = {7F78CC10-9988-410B-92AF-EF5710B74EED}
		{9C2A0C56-3C90-4EF3-AC04-D0C234B011D9} = {C5401EA4-FF08-4682-AA70-D119357AE238}
		{38E89EF0-F403-47E2-824A-ED0D696614E8} = {9C2A0C56-3C90-4EF3-AC04-D0C234B011D9}
		{0DA9CBED-F492-4B37-82F7-EC9927C8E4C5} = {9C2A0C56-3C90-4EF3-AC04-D0C234B011D9}
		{AC6F767F-C152-4ED5-AB42-796AEFF9EA43} = {9C2A0C56-3C90-4EF3-AC04-D0C234B011D9}
		{8196CF6A-56FB-4D9E-BB60-5A204DD9EF96} = {9C2A0C56-3C90-4EF3-AC04-D0C234B011D9}
		{482CC61A-C211-467D-8AD1-56B9B217F003} = {7F78CC10-9988-410B-92AF-EF5710B74EED}
		{C261DB7A-DA41-41D6-8B44-65BCB43395B2} = {C5401EA4-FF08-4682-AA70-D119357AE238}
		{74897A71-F918-4850-8043-629AA874D8AE} = {C261DB7A-DA41-41D6-8B44-65BCB43395B2}
		{3E960644-2100-4AF5-83BC-89C70E4E4771} = {7F78CC10-9988-410B-92AF-EF5710B74EED}
		{B8D5AF86-897A-4D95-A3B6-6011550C4DFB} = {7F78CC10-9988-410B-92AF-EF5710B74EED}
		{EF3073E7-AEB9-4E48-B15E-844F75823824} = {9C2A0C56-3C90-4EF3-AC04-D0C234B011D9}
		{57AE038B-8E5F-4083-8A2A-06EB273E9F02} = {EF3073E7-AEB9-4E48-B15E-844F75823824}
		{09FEF551-E530-4D81-A5FF-7E0F807769CE} = {EF3073E7-AEB9-4E48-B15E-844F75823824}
		{FB245472-66F4-41F4-9230-EB53CA9B026A} = {EF3073E7-AEB9-4E48-B15E-844F75823824}
		{FE41FB68-AAB7-489C-84BD-684BD9DD96D0} = {7F78CC10-9988-410B-92AF-EF5710B74EED}
		{6184CE06-22FF-44F8-9CBE-79C1B7DC46E0} = {C5401EA4-FF08-4682-AA70-D119357AE238}
		{F175189C-7BAE-4BDA-9C0B-902EB791E5FF} = {6184CE06-22FF-44F8-9CBE-79C1B7DC46E0}
		{8DDDB2CB-3206-4CCB-972C-5BD0FD983EA9} = {7F78CC10-9988-410B-92AF-EF5710B74EED}
		{9722B2DB-88FB-4CB1-9F8F-7515150B7693} = {7F78CC10-9988-410B-92AF-EF5710B74EED}
		{1656BBC0-1472-44F4-B3AB-1DFA6F41C3B4} = {7F78CC10-9988-410B-92AF-EF5710B74EED}
		{0A4FF52F-C36E-46AF-89C9-89D92FEECFC2} = {1656BBC0-1472-44F4-B3AB-1DFA6F41C3B4}
		{38E51C6A-0099-46B8-B558-4762D6A2F4A4} = {C5401EA4-FF08-4682-AA70-D119357AE238}
		{3D58D041-C438-45FC-8F68-2CC2690A6398} = {38E51C6A-0099-46B8-B558-4762D6A2F4A4}
		{55138D6C-D2C0-4656-99BB-7F07A285689E} = {38E51C6A-0099-46B8-B558-4762D6A2F4A4}
		{84E6B9CD-0E3A-4EC2-A88C-902E40DD833A} = {38E51C6A-0099-46B8-B558-4762D6A2F4A4}
		{FCB27907-DBCA-44A2-A8EC-195C030DECE6} = {38E51C6A-0099-46B8-B558-4762D6A2F4A4}
		{22E0DCBA-C1AE-47A3-B5B9-6549C0A4ABA7} = {C261DB7A-DA41-41D6-8B44-65BCB43395B2}
		{DEFFA12C-127A-4165-A376-DB4691DCB8E3} = {C261DB7A-DA41-41D6-8B44-65BCB43395B2}
		{23AA698E-5BE6-4971-95D1-1029657463F5} = {C261DB7A-DA41-41D6-8B44-65BCB43395B2}
		{309D5A3D-F605-45F3-BE50-8B088D97DD54} = {C5401EA4-FF08-4682-AA70-D119357AE238}
		{9783931D-009C-49AB-96B1-C987BE87B2C4} = {309D5A3D-F605-45F3-BE50-8B088D97DD54}
		{80DF1F1F-D5E3-4D27-BCE9-923065894CC7} = {309D5A3D-F605-45F3-BE50-8B088D97DD54}
		{0EFDBCAF-214F-4D95-83A1-F78568380A2E} = {309D5A3D-F605-45F3-BE50-8B088D97DD54}
		{1F6F4EF4-625B-4F86-893F-BCAB3E648E96} = {309D5A3D-F605-45F3-BE50-8B088D97DD54}
		{E406D00C-E59E-489B-8ECB-492722A6E83C} = {C5401EA4-FF08-4682-AA70-D119357AE238}
		{071568DF-D932-4AE7-98EB-AE828692CBB8} = {E406D00C-E59E-489B-8ECB-492722A6E83C}
	EndGlobalSection
	GlobalSection(ExtensibilityGlobals) = postSolution
		SolutionGuid = {C6E7CD24-B1DF-4643-8D18-884E9669D929}
	EndGlobalSection
EndGlobal
