
Microsoft Visual Studio Solution File, Format Version 12.00
# Visual Studio Version 17
VisualStudioVersion = 17.1.32421.90
MinimumVisualStudioVersion = 10.0.40219.1
Project("{2150E333-8FDC-42A3-9474-1A3956D46DE8}") = "Common", "Common", "{7F78CC10-9988-410B-92AF-EF5710B74EED}"
EndProject
Project("{2150E333-8FDC-42A3-9474-1A3956D46DE8}") = "Services", "Services", "{C5401EA4-FF08-4682-AA70-D119357AE238}"
EndProject
Project("{9A19103F-16F7-4668-BE54-9A1E7A4F7556}") = "ProjectX.Core", "Common\ProjectX.Core\ProjectX.Core.csproj", "{5AFAE758-C8C0-49F4-A9E6-29A70336A5C0}"
EndProject
Project("{2150E333-8FDC-42A3-9474-1A3956D46DE8}") = "Tasks", "Tasks", "{9C2A0C56-3C90-4EF3-AC04-D0C234B011D9}"
EndProject
Project("{9A19103F-16F7-4668-BE54-9A1E7A4F7556}") = "ProjectX.Tasks.API", "Services\ProjectX.Tasks\ProjectX.Tasks.API\ProjectX.Tasks.API.csproj", "{38E89EF0-F403-47E2-824A-ED0D696614E8}"
EndProject
Project("{9A19103F-16F7-4668-BE54-9A1E7A4F7556}") = "ProjectX.Tasks.Domain", "Services\ProjectX.Tasks\ProjectX.Tasks.Domain\ProjectX.Tasks.Domain.csproj", "{0DA9CBED-F492-4B37-82F7-EC9927C8E4C5}"
EndProject
Project("{9A19103F-16F7-4668-BE54-9A1E7A4F7556}") = "ProjectX.Tasks.Persistence", "Services\ProjectX.Tasks\ProjectX.Tasks.Persistence\ProjectX.Tasks.Persistence.csproj", "{AC6F767F-C152-4ED5-AB42-796AEFF9EA43}"
EndProject
Project("{9A19103F-16F7-4668-BE54-9A1E7A4F7556}") = "ProjectX.Tasks.Application", "Services\ProjectX.Tasks\ProjectX.Tasks.Application\ProjectX.Tasks.Application.csproj", "{8196CF6A-56FB-4D9E-BB60-5A204DD9EF96}"
EndProject
Project("{9A19103F-16F7-4668-BE54-9A1E7A4F7556}") = "ProjectX.Tasks.Infrastructure", "Services\ProjectX.Tasks\ProjectX.Tasks.Infrastructure\ProjectX.Tasks.Infrastructure.csproj", "{3683DFE2-FD5B-4D2F-AA37-241EC3548FDC}"
EndProject
Project("{FAE04EC0-301F-11D3-BF4B-00C04F79EFBC}") = "ProjectX.Persistence", "Common\ProjectX.Persistence\ProjectX.Persistence.csproj", "{482CC61A-C211-467D-8AD1-56B9B217F003}"
EndProject
Global
	GlobalSection(SolutionConfigurationPlatforms) = preSolution
		Debug|Any CPU = Debug|Any CPU
		Release|Any CPU = Release|Any CPU
	EndGlobalSection
	GlobalSection(ProjectConfigurationPlatforms) = postSolution
		{5AFAE758-C8C0-49F4-A9E6-29A70336A5C0}.Debug|Any CPU.ActiveCfg = Debug|Any CPU
		{5AFAE758-C8C0-49F4-A9E6-29A70336A5C0}.Debug|Any CPU.Build.0 = Debug|Any CPU
		{5AFAE758-C8C0-49F4-A9E6-29A70336A5C0}.Release|Any CPU.ActiveCfg = Release|Any CPU
		{5AFAE758-C8C0-49F4-A9E6-29A70336A5C0}.Release|Any CPU.Build.0 = Release|Any CPU
		{38E89EF0-F403-47E2-824A-ED0D696614E8}.Debug|Any CPU.ActiveCfg = Debug|Any CPU
		{38E89EF0-F403-47E2-824A-ED0D696614E8}.Debug|Any CPU.Build.0 = Debug|Any CPU
		{38E89EF0-F403-47E2-824A-ED0D696614E8}.Release|Any CPU.ActiveCfg = Release|Any CPU
		{38E89EF0-F403-47E2-824A-ED0D696614E8}.Release|Any CPU.Build.0 = Release|Any CPU
		{0DA9CBED-F492-4B37-82F7-EC9927C8E4C5}.Debug|Any CPU.ActiveCfg = Debug|Any CPU
		{0DA9CBED-F492-4B37-82F7-EC9927C8E4C5}.Debug|Any CPU.Build.0 = Debug|Any CPU
		{0DA9CBED-F492-4B37-82F7-EC9927C8E4C5}.Release|Any CPU.ActiveCfg = Release|Any CPU
		{0DA9CBED-F492-4B37-82F7-EC9927C8E4C5}.Release|Any CPU.Build.0 = Release|Any CPU
		{AC6F767F-C152-4ED5-AB42-796AEFF9EA43}.Debug|Any CPU.ActiveCfg = Debug|Any CPU
		{AC6F767F-C152-4ED5-AB42-796AEFF9EA43}.Debug|Any CPU.Build.0 = Debug|Any CPU
		{AC6F767F-C152-4ED5-AB42-796AEFF9EA43}.Release|Any CPU.ActiveCfg = Release|Any CPU
		{AC6F767F-C152-4ED5-AB42-796AEFF9EA43}.Release|Any CPU.Build.0 = Release|Any CPU
		{8196CF6A-56FB-4D9E-BB60-5A204DD9EF96}.Debug|Any CPU.ActiveCfg = Debug|Any CPU
		{8196CF6A-56FB-4D9E-BB60-5A204DD9EF96}.Debug|Any CPU.Build.0 = Debug|Any CPU
		{8196CF6A-56FB-4D9E-BB60-5A204DD9EF96}.Release|Any CPU.ActiveCfg = Release|Any CPU
		{8196CF6A-56FB-4D9E-BB60-5A204DD9EF96}.Release|Any CPU.Build.0 = Release|Any CPU
		{3683DFE2-FD5B-4D2F-AA37-241EC3548FDC}.Debug|Any CPU.ActiveCfg = Debug|Any CPU
		{3683DFE2-FD5B-4D2F-AA37-241EC3548FDC}.Debug|Any CPU.Build.0 = Debug|Any CPU
		{3683DFE2-FD5B-4D2F-AA37-241EC3548FDC}.Release|Any CPU.ActiveCfg = Release|Any CPU
		{3683DFE2-FD5B-4D2F-AA37-241EC3548FDC}.Release|Any CPU.Build.0 = Release|Any CPU
		{482CC61A-C211-467D-8AD1-56B9B217F003}.Debug|Any CPU.ActiveCfg = Debug|Any CPU
		{482CC61A-C211-467D-8AD1-56B9B217F003}.Debug|Any CPU.Build.0 = Debug|Any CPU
		{482CC61A-C211-467D-8AD1-56B9B217F003}.Release|Any CPU.ActiveCfg = Release|Any CPU
		{482CC61A-C211-467D-8AD1-56B9B217F003}.Release|Any CPU.Build.0 = Release|Any CPU
	EndGlobalSection
	GlobalSection(SolutionProperties) = preSolution
		HideSolutionNode = FALSE
	EndGlobalSection
	GlobalSection(NestedProjects) = preSolution
		{5AFAE758-C8C0-49F4-A9E6-29A70336A5C0} = {7F78CC10-9988-410B-92AF-EF5710B74EED}
		{9C2A0C56-3C90-4EF3-AC04-D0C234B011D9} = {C5401EA4-FF08-4682-AA70-D119357AE238}
		{38E89EF0-F403-47E2-824A-ED0D696614E8} = {9C2A0C56-3C90-4EF3-AC04-D0C234B011D9}
		{0DA9CBED-F492-4B37-82F7-EC9927C8E4C5} = {9C2A0C56-3C90-4EF3-AC04-D0C234B011D9}
		{AC6F767F-C152-4ED5-AB42-796AEFF9EA43} = {9C2A0C56-3C90-4EF3-AC04-D0C234B011D9}
		{8196CF6A-56FB-4D9E-BB60-5A204DD9EF96} = {9C2A0C56-3C90-4EF3-AC04-D0C234B011D9}
		{3683DFE2-FD5B-4D2F-AA37-241EC3548FDC} = {9C2A0C56-3C90-4EF3-AC04-D0C234B011D9}
		{482CC61A-C211-467D-8AD1-56B9B217F003} = {7F78CC10-9988-410B-92AF-EF5710B74EED}
	EndGlobalSection
	GlobalSection(ExtensibilityGlobals) = postSolution
		SolutionGuid = {C6E7CD24-B1DF-4643-8D18-884E9669D929}
	EndGlobalSection
EndGlobal
