
Microsoft Visual Studio Solution File, Format Version 12.00
# Visual Studio Version 17
VisualStudioVersion = 17.1.32421.90
MinimumVisualStudioVersion = 10.0.40219.1
Project("{2150E333-8FDC-42A3-9474-1A3956D46DE8}") = "Common", "Common", "{7F78CC10-9988-410B-92AF-EF5710B74EED}"
EndProject
Project("{2150E333-8FDC-42A3-9474-1A3956D46DE8}") = "Services", "Services", "{C5401EA4-FF08-4682-AA70-D119357AE238}"
EndProject
Project("{FAE04EC0-301F-11D3-BF4B-00C04F79EFBC}") = "ProjectX.Core", "Common\ProjectX.Core\ProjectX.Core.csproj", "{5AFAE758-C8C0-49F4-A9E6-29A70336A5C0}"
EndProject
Global
	GlobalSection(SolutionConfigurationPlatforms) = preSolution
		Debug|Any CPU = Debug|Any CPU
		Release|Any CPU = Release|Any CPU
	EndGlobalSection
	GlobalSection(ProjectConfigurationPlatforms) = postSolution
		{5AFAE758-C8C0-49F4-A9E6-29A70336A5C0}.Debug|Any CPU.ActiveCfg = Debug|Any CPU
		{5AFAE758-C8C0-49F4-A9E6-29A70336A5C0}.Debug|Any CPU.Build.0 = Debug|Any CPU
		{5AFAE758-C8C0-49F4-A9E6-29A70336A5C0}.Release|Any CPU.ActiveCfg = Release|Any CPU
		{5AFAE758-C8C0-49F4-A9E6-29A70336A5C0}.Release|Any CPU.Build.0 = Release|Any CPU
	EndGlobalSection
	GlobalSection(SolutionProperties) = preSolution
		HideSolutionNode = FALSE
	EndGlobalSection
	GlobalSection(NestedProjects) = preSolution
		{5AFAE758-C8C0-49F4-A9E6-29A70336A5C0} = {7F78CC10-9988-410B-92AF-EF5710B74EED}
	EndGlobalSection
	GlobalSection(ExtensibilityGlobals) = postSolution
		SolutionGuid = {C6E7CD24-B1DF-4643-8D18-884E9669D929}
	EndGlobalSection
EndGlobal
